
Microsoft Visual Studio Solution File, Format Version 12.00
# Visual Studio 15
VisualStudioVersion = 15.0.27428.2002
MinimumVisualStudioVersion = 10.0.40219.1
Project("{9A19103F-16F7-4668-BE54-9A1E7A4F7556}") = "WebAPI", "WebAPI\WebAPI.csproj", "{B10D0E3F-EE37-4694-AB12-31034FFEC48C}"
EndProject
Project("{9A19103F-16F7-4668-BE54-9A1E7A4F7556}") = "ApplicationCore", "ApplicationCore\ApplicationCore.csproj", "{0654380E-387B-403A-A61C-3B7A5CAC6085}"
EndProject
Project("{9A19103F-16F7-4668-BE54-9A1E7A4F7556}") = "Infrastructure", "Infrastructure\Infrastructure.csproj", "{5B831E35-E5A0-4428-987D-7A791CF65C26}"
EndProject
Project("{FAE04EC0-301F-11D3-BF4B-00C04F79EFBC}") = "WebAPI.UnitTests", "WebAPI.UnitTests\WebAPI.UnitTests.csproj", "{392D9904-42F1-4329-A443-C18296FAFBFA}"
EndProject
Global
	GlobalSection(SolutionConfigurationPlatforms) = preSolution
		Debug|Any CPU = Debug|Any CPU
		Release|Any CPU = Release|Any CPU
	EndGlobalSection
	GlobalSection(ProjectConfigurationPlatforms) = postSolution
		{B10D0E3F-EE37-4694-AB12-31034FFEC48C}.Debug|Any CPU.ActiveCfg = Debug|Any CPU
		{B10D0E3F-EE37-4694-AB12-31034FFEC48C}.Debug|Any CPU.Build.0 = Debug|Any CPU
		{B10D0E3F-EE37-4694-AB12-31034FFEC48C}.Release|Any CPU.ActiveCfg = Release|Any CPU
		{B10D0E3F-EE37-4694-AB12-31034FFEC48C}.Release|Any CPU.Build.0 = Release|Any CPU
		{0654380E-387B-403A-A61C-3B7A5CAC6085}.Debug|Any CPU.ActiveCfg = Debug|Any CPU
		{0654380E-387B-403A-A61C-3B7A5CAC6085}.Debug|Any CPU.Build.0 = Debug|Any CPU
		{0654380E-387B-403A-A61C-3B7A5CAC6085}.Release|Any CPU.ActiveCfg = Release|Any CPU
		{0654380E-387B-403A-A61C-3B7A5CAC6085}.Release|Any CPU.Build.0 = Release|Any CPU
		{5B831E35-E5A0-4428-987D-7A791CF65C26}.Debug|Any CPU.ActiveCfg = Debug|Any CPU
		{5B831E35-E5A0-4428-987D-7A791CF65C26}.Debug|Any CPU.Build.0 = Debug|Any CPU
		{5B831E35-E5A0-4428-987D-7A791CF65C26}.Release|Any CPU.ActiveCfg = Release|Any CPU
		{5B831E35-E5A0-4428-987D-7A791CF65C26}.Release|Any CPU.Build.0 = Release|Any CPU
		{392D9904-42F1-4329-A443-C18296FAFBFA}.Debug|Any CPU.ActiveCfg = Debug|Any CPU
		{392D9904-42F1-4329-A443-C18296FAFBFA}.Debug|Any CPU.Build.0 = Debug|Any CPU
		{392D9904-42F1-4329-A443-C18296FAFBFA}.Release|Any CPU.ActiveCfg = Release|Any CPU
		{392D9904-42F1-4329-A443-C18296FAFBFA}.Release|Any CPU.Build.0 = Release|Any CPU
	EndGlobalSection
	GlobalSection(SolutionProperties) = preSolution
		HideSolutionNode = FALSE
	EndGlobalSection
	GlobalSection(ExtensibilityGlobals) = postSolution
		SolutionGuid = {548706BB-16BE-4CE7-B92F-06FE17E11DDD}
	EndGlobalSection
EndGlobal
